// !$*UTF8*$!
{
	archiveVersion = 1;
	classes = {
	};
	objectVersion = 48;
	objects = {

/* Begin PBXBuildFile section */
		9E4D86D52026D5FC00341ACC /* AppDelegate.swift in Sources */ = {isa = PBXBuildFile; fileRef = 9E4D86D42026D5FC00341ACC /* AppDelegate.swift */; };
		9E4D86D72026D5FC00341ACC /* ViewController.swift in Sources */ = {isa = PBXBuildFile; fileRef = 9E4D86D62026D5FC00341ACC /* ViewController.swift */; };
		9E4D86DA2026D5FC00341ACC /* Main.storyboard in Resources */ = {isa = PBXBuildFile; fileRef = 9E4D86D82026D5FC00341ACC /* Main.storyboard */; };
		9E4D86DD2026D5FC00341ACC /* SearchLearning.xcdatamodeld in Sources */ = {isa = PBXBuildFile; fileRef = 9E4D86DB2026D5FC00341ACC /* SearchLearning.xcdatamodeld */; };
		9E4D86DF2026D5FC00341ACC /* Assets.xcassets in Resources */ = {isa = PBXBuildFile; fileRef = 9E4D86DE2026D5FC00341ACC /* Assets.xcassets */; };
		9E4D86E22026D5FC00341ACC /* LaunchScreen.storyboard in Resources */ = {isa = PBXBuildFile; fileRef = 9E4D86E02026D5FC00341ACC /* LaunchScreen.storyboard */; };
		9E4D86EA2026D72F00341ACC /* SearchTableViewController.swift in Sources */ = {isa = PBXBuildFile; fileRef = 9E4D86E92026D72F00341ACC /* SearchTableViewController.swift */; };
		9E4D86EC2026DABD00341ACC /* ResultViewController.swift in Sources */ = {isa = PBXBuildFile; fileRef = 9E4D86EB2026DABD00341ACC /* ResultViewController.swift */; };
/* End PBXBuildFile section */

/* Begin PBXFileReference section */
		9E4D86D12026D5FC00341ACC /* SearchLearning.app */ = {isa = PBXFileReference; explicitFileType = wrapper.application; includeInIndex = 0; path = SearchLearning.app; sourceTree = BUILT_PRODUCTS_DIR; };
		9E4D86D42026D5FC00341ACC /* AppDelegate.swift */ = {isa = PBXFileReference; lastKnownFileType = sourcecode.swift; path = AppDelegate.swift; sourceTree = "<group>"; };
		9E4D86D62026D5FC00341ACC /* ViewController.swift */ = {isa = PBXFileReference; lastKnownFileType = sourcecode.swift; path = ViewController.swift; sourceTree = "<group>"; };
		9E4D86D92026D5FC00341ACC /* Base */ = {isa = PBXFileReference; lastKnownFileType = file.storyboard; name = Base; path = Base.lproj/Main.storyboard; sourceTree = "<group>"; };
		9E4D86DC2026D5FC00341ACC /* SearchLearning.xcdatamodel */ = {isa = PBXFileReference; lastKnownFileType = wrapper.xcdatamodel; path = SearchLearning.xcdatamodel; sourceTree = "<group>"; };
		9E4D86DE2026D5FC00341ACC /* Assets.xcassets */ = {isa = PBXFileReference; lastKnownFileType = folder.assetcatalog; path = Assets.xcassets; sourceTree = "<group>"; };
		9E4D86E12026D5FC00341ACC /* Base */ = {isa = PBXFileReference; lastKnownFileType = file.storyboard; name = Base; path = Base.lproj/LaunchScreen.storyboard; sourceTree = "<group>"; };
		9E4D86E32026D5FC00341ACC /* Info.plist */ = {isa = PBXFileReference; lastKnownFileType = text.plist.xml; path = Info.plist; sourceTree = "<group>"; };
		9E4D86E92026D72F00341ACC /* SearchTableViewController.swift */ = {isa = PBXFileReference; lastKnownFileType = sourcecode.swift; path = SearchTableViewController.swift; sourceTree = "<group>"; };
		9E4D86EB2026DABD00341ACC /* ResultViewController.swift */ = {isa = PBXFileReference; lastKnownFileType = sourcecode.swift; path = ResultViewController.swift; sourceTree = "<group>"; };
/* End PBXFileReference section */

/* Begin PBXFrameworksBuildPhase section */
		9E4D86CE2026D5FC00341ACC /* Frameworks */ = {
			isa = PBXFrameworksBuildPhase;
			buildActionMask = 2147483647;
			files = (
			);
			runOnlyForDeploymentPostprocessing = 0;
		};
/* End PBXFrameworksBuildPhase section */

/* Begin PBXGroup section */
		9E4D86C82026D5FC00341ACC = {
			isa = PBXGroup;
			children = (
				9E4D86D32026D5FC00341ACC /* SearchLearning */,
				9E4D86D22026D5FC00341ACC /* Products */,
			);
			sourceTree = "<group>";
		};
		9E4D86D22026D5FC00341ACC /* Products */ = {
			isa = PBXGroup;
			children = (
				9E4D86D12026D5FC00341ACC /* SearchLearning.app */,
			);
			name = Products;
			sourceTree = "<group>";
		};
		9E4D86D32026D5FC00341ACC /* SearchLearning */ = {
			isa = PBXGroup;
			children = (
				9E4D86D42026D5FC00341ACC /* AppDelegate.swift */,
				9E4D86D62026D5FC00341ACC /* ViewController.swift */,
				9E4D86D82026D5FC00341ACC /* Main.storyboard */,
				9E4D86DE2026D5FC00341ACC /* Assets.xcassets */,
				9E4D86E02026D5FC00341ACC /* LaunchScreen.storyboard */,
				9E4D86E32026D5FC00341ACC /* Info.plist */,
				9E4D86DB2026D5FC00341ACC /* SearchLearning.xcdatamodeld */,
				9E4D86E92026D72F00341ACC /* SearchTableViewController.swift */,
				9E4D86EB2026DABD00341ACC /* ResultViewController.swift */,
			);
			path = SearchLearning;
			sourceTree = "<group>";
		};
/* End PBXGroup section */

/* Begin PBXNativeTarget section */
		9E4D86D02026D5FC00341ACC /* SearchLearning */ = {
			isa = PBXNativeTarget;
			buildConfigurationList = 9E4D86E62026D5FC00341ACC /* Build configuration list for PBXNativeTarget "SearchLearning" */;
			buildPhases = (
				9E4D86CD2026D5FC00341ACC /* Sources */,
				9E4D86CE2026D5FC00341ACC /* Frameworks */,
				9E4D86CF2026D5FC00341ACC /* Resources */,
			);
			buildRules = (
			);
			dependencies = (
			);
			name = SearchLearning;
			productName = SearchLearning;
			productReference = 9E4D86D12026D5FC00341ACC /* SearchLearning.app */;
			productType = "com.apple.product-type.application";
		};
/* End PBXNativeTarget section */

/* Begin PBXProject section */
		9E4D86C92026D5FC00341ACC /* Project object */ = {
			isa = PBXProject;
			attributes = {
				LastSwiftUpdateCheck = 0920;
				LastUpgradeCheck = 0920;
				ORGANIZATIONNAME = bitops;
				TargetAttributes = {
					9E4D86D02026D5FC00341ACC = {
						CreatedOnToolsVersion = 9.2;
						ProvisioningStyle = Automatic;
					};
				};
			};
			buildConfigurationList = 9E4D86CC2026D5FC00341ACC /* Build configuration list for PBXProject "SearchLearning" */;
			compatibilityVersion = "Xcode 8.0";
			developmentRegion = en;
			hasScannedForEncodings = 0;
			knownRegions = (
				en,
				Base,
			);
			mainGroup = 9E4D86C82026D5FC00341ACC;
			productRefGroup = 9E4D86D22026D5FC00341ACC /* Products */;
			projectDirPath = "";
			projectRoot = "";
			targets = (
				9E4D86D02026D5FC00341ACC /* SearchLearning */,
			);
		};
/* End PBXProject section */

/* Begin PBXResourcesBuildPhase section */
		9E4D86CF2026D5FC00341ACC /* Resources */ = {
			isa = PBXResourcesBuildPhase;
			buildActionMask = 2147483647;
			files = (
				9E4D86E22026D5FC00341ACC /* LaunchScreen.storyboard in Resources */,
				9E4D86DF2026D5FC00341ACC /* Assets.xcassets in Resources */,
				9E4D86DA2026D5FC00341ACC /* Main.storyboard in Resources */,
			);
			runOnlyForDeploymentPostprocessing = 0;
		};
/* End PBXResourcesBuildPhase section */

/* Begin PBXSourcesBuildPhase section */
		9E4D86CD2026D5FC00341ACC /* Sources */ = {
			isa = PBXSourcesBuildPhase;
			buildActionMask = 2147483647;
			files = (
				9E4D86EC2026DABD00341ACC /* ResultViewController.swift in Sources */,
				9E4D86D72026D5FC00341ACC /* ViewController.swift in Sources */,
				9E4D86DD2026D5FC00341ACC /* SearchLearning.xcdatamodeld in Sources */,
				9E4D86D52026D5FC00341ACC /* AppDelegate.swift in Sources */,
				9E4D86EA2026D72F00341ACC /* SearchTableViewController.swift in Sources */,
			);
			runOnlyForDeploymentPostprocessing = 0;
		};
/* End PBXSourcesBuildPhase section */

/* Begin PBXVariantGroup section */
		9E4D86D82026D5FC00341ACC /* Main.storyboard */ = {
			isa = PBXVariantGroup;
			children = (
				9E4D86D92026D5FC00341ACC /* Base */,
			);
			name = Main.storyboard;
			sourceTree = "<group>";
		};
		9E4D86E02026D5FC00341ACC /* LaunchScreen.storyboard */ = {
			isa = PBXVariantGroup;
			children = (
				9E4D86E12026D5FC00341ACC /* Base */,
			);
			name = LaunchScreen.storyboard;
			sourceTree = "<group>";
		};
/* End PBXVariantGroup section */

/* Begin XCBuildConfiguration section */
		9E4D86E42026D5FC00341ACC /* Debug */ = {
			isa = XCBuildConfiguration;
			buildSettings = {
				ALWAYS_SEARCH_USER_PATHS = NO;
				CLANG_ANALYZER_NONNULL = YES;
				CLANG_ANALYZER_NUMBER_OBJECT_CONVERSION = YES_AGGRESSIVE;
				CLANG_CXX_LANGUAGE_STANDARD = "gnu++14";
				CLANG_CXX_LIBRARY = "libc++";
				CLANG_ENABLE_MODULES = YES;
				CLANG_ENABLE_OBJC_ARC = YES;
				CLANG_WARN_BLOCK_CAPTURE_AUTORELEASING = YES;
				CLANG_WARN_BOOL_CONVERSION = YES;
				CLANG_WARN_COMMA = YES;
				CLANG_WARN_CONSTANT_CONVERSION = YES;
				CLANG_WARN_DIRECT_OBJC_ISA_USAGE = YES_ERROR;
				CLANG_WARN_DOCUMENTATION_COMMENTS = YES;
				CLANG_WARN_EMPTY_BODY = YES;
				CLANG_WARN_ENUM_CONVERSION = YES;
				CLANG_WARN_INFINITE_RECURSION = YES;
				CLANG_WARN_INT_CONVERSION = YES;
				CLANG_WARN_NON_LITERAL_NULL_CONVERSION = YES;
				CLANG_WARN_OBJC_LITERAL_CONVERSION = YES;
				CLANG_WARN_OBJC_ROOT_CLASS = YES_ERROR;
				CLANG_WARN_RANGE_LOOP_ANALYSIS = YES;
				CLANG_WARN_STRICT_PROTOTYPES = YES;
				CLANG_WARN_SUSPICIOUS_MOVE = YES;
				CLANG_WARN_UNGUARDED_AVAILABILITY = YES_AGGRESSIVE;
				CLANG_WARN_UNREACHABLE_CODE = YES;
				CLANG_WARN__DUPLICATE_METHOD_MATCH = YES;
				CODE_SIGN_IDENTITY = "iPhone Developer";
				COPY_PHASE_STRIP = NO;
				DEBUG_INFORMATION_FORMAT = dwarf;
				ENABLE_STRICT_OBJC_MSGSEND = YES;
				ENABLE_TESTABILITY = YES;
				GCC_C_LANGUAGE_STANDARD = gnu11;
				GCC_DYNAMIC_NO_PIC = NO;
				GCC_NO_COMMON_BLOCKS = YES;
				GCC_OPTIMIZATION_LEVEL = 0;
				GCC_PREPROCESSOR_DEFINITIONS = (
					"DEBUG=1",
					"$(inherited)",
				);
				GCC_WARN_64_TO_32_BIT_CONVERSION = YES;
				GCC_WARN_ABOUT_RETURN_TYPE = YES_ERROR;
				GCC_WARN_UNDECLARED_SELECTOR = YES;
				GCC_WARN_UNINITIALIZED_AUTOS = YES_AGGRESSIVE;
				GCC_WARN_UNUSED_FUNCTION = YES;
				GCC_WARN_UNUSED_VARIABLE = YES;
				IPHONEOS_DEPLOYMENT_TARGET = 11.2;
				MTL_ENABLE_DEBUG_INFO = YES;
				ONLY_ACTIVE_ARCH = YES;
				SDKROOT = iphoneos;
				SWIFT_ACTIVE_COMPILATION_CONDITIONS = DEBUG;
				SWIFT_OPTIMIZATION_LEVEL = "-Onone";
			};
			name = Debug;
		};
		9E4D86E52026D5FC00341ACC /* Release */ = {
			isa = XCBuildConfiguration;
			buildSettings = {
				ALWAYS_SEARCH_USER_PATHS = NO;
				CLANG_ANALYZER_NONNULL = YES;
				CLANG_ANALYZER_NUMBER_OBJECT_CONVERSION = YES_AGGRESSIVE;
				CLANG_CXX_LANGUAGE_STANDARD = "gnu++14";
				CLANG_CXX_LIBRARY = "libc++";
				CLANG_ENABLE_MODULES = YES;
				CLANG_ENABLE_OBJC_ARC = YES;
				CLANG_WARN_BLOCK_CAPTURE_AUTORELEASING = YES;
				CLANG_WARN_BOOL_CONVERSION = YES;
				CLANG_WARN_COMMA = YES;
				CLANG_WARN_CONSTANT_CONVERSION = YES;
				CLANG_WARN_DIRECT_OBJC_ISA_USAGE = YES_ERROR;
				CLANG_WARN_DOCUMENTATION_COMMENTS = YES;
				CLANG_WARN_EMPTY_BODY = YES;
				CLANG_WARN_ENUM_CONVERSION = YES;
				CLANG_WARN_INFINITE_RECURSION = YES;
				CLANG_WARN_INT_CONVERSION = YES;
				CLANG_WARN_NON_LITERAL_NULL_CONVERSION = YES;
				CLANG_WARN_OBJC_LITERAL_CONVERSION = YES;
				CLANG_WARN_OBJC_ROOT_CLASS = YES_ERROR;
				CLANG_WARN_RANGE_LOOP_ANALYSIS = YES;
				CLANG_WARN_STRICT_PROTOTYPES = YES;
				CLANG_WARN_SUSPICIOUS_MOVE = YES;
				CLANG_WARN_UNGUARDED_AVAILABILITY = YES_AGGRESSIVE;
				CLANG_WARN_UNREACHABLE_CODE = YES;
				CLANG_WARN__DUPLICATE_METHOD_MATCH = YES;
				CODE_SIGN_IDENTITY = "iPhone Developer";
				COPY_PHASE_STRIP = NO;
				DEBUG_INFORMATION_FORMAT = "dwarf-with-dsym";
				ENABLE_NS_ASSERTIONS = NO;
				ENABLE_STRICT_OBJC_MSGSEND = YES;
				GCC_C_LANGUAGE_STANDARD = gnu11;
				GCC_NO_COMMON_BLOCKS = YES;
				GCC_WARN_64_TO_32_BIT_CONVERSION = YES;
				GCC_WARN_ABOUT_RETURN_TYPE = YES_ERROR;
				GCC_WARN_UNDECLARED_SELECTOR = YES;
				GCC_WARN_UNINITIALIZED_AUTOS = YES_AGGRESSIVE;
				GCC_WARN_UNUSED_FUNCTION = YES;
				GCC_WARN_UNUSED_VARIABLE = YES;
				IPHONEOS_DEPLOYMENT_TARGET = 11.2;
				MTL_ENABLE_DEBUG_INFO = NO;
				SDKROOT = iphoneos;
				SWIFT_OPTIMIZATION_LEVEL = "-Owholemodule";
				VALIDATE_PRODUCT = YES;
			};
			name = Release;
		};
		9E4D86E72026D5FC00341ACC /* Debug */ = {
			isa = XCBuildConfiguration;
			buildSettings = {
				ASSETCATALOG_COMPILER_APPICON_NAME = AppIcon;
				CODE_SIGN_STYLE = Automatic;
				DEVELOPMENT_TEAM = L97GK5298Z;
				INFOPLIST_FILE = SearchLearning/Info.plist;
				LD_RUNPATH_SEARCH_PATHS = "$(inherited) @executable_path/Frameworks";
				PRODUCT_BUNDLE_IDENTIFIER = io.bitops.SearchLearning;
				PRODUCT_NAME = "$(TARGET_NAME)";
				SWIFT_VERSION = 4.0;
				TARGETED_DEVICE_FAMILY = "1,2";
			};
			name = Debug;
		};
		9E4D86E82026D5FC00341ACC /* Release */ = {
			isa = XCBuildConfiguration;
			buildSettings = {
				ASSETCATALOG_COMPILER_APPICON_NAME = AppIcon;
				CODE_SIGN_STYLE = Automatic;
				DEVELOPMENT_TEAM = L97GK5298Z;
				INFOPLIST_FILE = SearchLearning/Info.plist;
				LD_RUNPATH_SEARCH_PATHS = "$(inherited) @executable_path/Frameworks";
				PRODUCT_BUNDLE_IDENTIFIER = io.bitops.SearchLearning;
				PRODUCT_NAME = "$(TARGET_NAME)";
				SWIFT_VERSION = 4.0;
				TARGETED_DEVICE_FAMILY = "1,2";
			};
			name = Release;
		};
/* End XCBuildConfiguration section */

/* Begin XCConfigurationList section */
		9E4D86CC2026D5FC00341ACC /* Build configuration list for PBXProject "SearchLearning" */ = {
			isa = XCConfigurationList;
			buildConfigurations = (
				9E4D86E42026D5FC00341ACC /* Debug */,
				9E4D86E52026D5FC00341ACC /* Release */,
			);
			defaultConfigurationIsVisible = 0;
			defaultConfigurationName = Release;
		};
		9E4D86E62026D5FC00341ACC /* Build configuration list for PBXNativeTarget "SearchLearning" */ = {
			isa = XCConfigurationList;
			buildConfigurations = (
				9E4D86E72026D5FC00341ACC /* Debug */,
				9E4D86E82026D5FC00341ACC /* Release */,
			);
			defaultConfigurationIsVisible = 0;
			defaultConfigurationName = Release;
		};
/* End XCConfigurationList section */

/* Begin XCVersionGroup section */
		9E4D86DB2026D5FC00341ACC /* SearchLearning.xcdatamodeld */ = {
			isa = XCVersionGroup;
			children = (
				9E4D86DC2026D5FC00341ACC /* SearchLearning.xcdatamodel */,
			);
			currentVersion = 9E4D86DC2026D5FC00341ACC /* SearchLearning.xcdatamodel */;
			path = SearchLearning.xcdatamodeld;
			sourceTree = "<group>";
			versionGroupType = wrapper.xcdatamodel;
		};
/* End XCVersionGroup section */
	};
	rootObject = 9E4D86C92026D5FC00341ACC /* Project object */;
}
